// !$*UTF8*$!
{
	archiveVersion = 1;
	classes = {
	};
	objectVersion = 48;
	objects = {

/* Begin PBXBuildFile section */
		287802001FCCFFB0001B222F /* UIViewX.swift in Sources */ = {isa = PBXBuildFile; fileRef = 287801FF1FCCFFB0001B222F /* UIViewX.swift */; };
		287802021FCCFFB5001B222F /* UIButtonX.swift in Sources */ = {isa = PBXBuildFile; fileRef = 287802011FCCFFB5001B222F /* UIButtonX.swift */; };
		287802051FCD0F5E001B222F /* Champagne & Limousines.ttf in Resources */ = {isa = PBXBuildFile; fileRef = 287802041FCD0F5E001B222F /* Champagne & Limousines.ttf */; };
		28DFA1031FCB8E0600328368 /* AppDelegate.swift in Sources */ = {isa = PBXBuildFile; fileRef = 28DFA1021FCB8E0600328368 /* AppDelegate.swift */; };
		28DFA1051FCB8E0600328368 /* ViewController.swift in Sources */ = {isa = PBXBuildFile; fileRef = 28DFA1041FCB8E0600328368 /* ViewController.swift */; };
		28DFA1081FCB8E0600328368 /* Main.storyboard in Resources */ = {isa = PBXBuildFile; fileRef = 28DFA1061FCB8E0600328368 /* Main.storyboard */; };
		28DFA10A1FCB8E0600328368 /* Assets.xcassets in Resources */ = {isa = PBXBuildFile; fileRef = 28DFA1091FCB8E0600328368 /* Assets.xcassets */; };
		28DFA10D1FCB8E0600328368 /* LaunchScreen.storyboard in Resources */ = {isa = PBXBuildFile; fileRef = 28DFA10B1FCB8E0600328368 /* LaunchScreen.storyboard */; };
		28DFA1181FCB8F0000328368 /* Model.swift in Sources */ = {isa = PBXBuildFile; fileRef = 28DFA1171FCB8F0000328368 /* Model.swift */; };
		28DFA11A1FCB8F1000328368 /* Data.swift in Sources */ = {isa = PBXBuildFile; fileRef = 28DFA1191FCB8F1000328368 /* Data.swift */; };
		28DFA11C1FCB8F2C00328368 /* TableViewCell.swift in Sources */ = {isa = PBXBuildFile; fileRef = 28DFA11B1FCB8F2C00328368 /* TableViewCell.swift */; };
		28DFA11F1FCBB4F000328368 /* DesignableX in Resources */ = {isa = PBXBuildFile; fileRef = 28DFA11E1FCBB4F000328368 /* DesignableX */; };
		28DFA1211FCBBF9B00328368 /* FloatActionButton.swift in Sources */ = {isa = PBXBuildFile; fileRef = 28DFA1201FCBBF9B00328368 /* FloatActionButton.swift */; };
/* End PBXBuildFile section */

/* Begin PBXFileReference section */
		287801FF1FCCFFB0001B222F /* UIViewX.swift */ = {isa = PBXFileReference; lastKnownFileType = sourcecode.swift; path = UIViewX.swift; sourceTree = "<group>"; };
		287802011FCCFFB5001B222F /* UIButtonX.swift */ = {isa = PBXFileReference; lastKnownFileType = sourcecode.swift; path = UIButtonX.swift; sourceTree = "<group>"; };
		287802041FCD0F5E001B222F /* Champagne & Limousines.ttf */ = {isa = PBXFileReference; lastKnownFileType = file; path = "Champagne & Limousines.ttf"; sourceTree = "<group>"; };
		28DFA0FF1FCB8E0600328368 /* Prototype IOS.app */ = {isa = PBXFileReference; explicitFileType = wrapper.application; includeInIndex = 0; path = "Prototype IOS.app"; sourceTree = BUILT_PRODUCTS_DIR; };
		28DFA1021FCB8E0600328368 /* AppDelegate.swift */ = {isa = PBXFileReference; lastKnownFileType = sourcecode.swift; path = AppDelegate.swift; sourceTree = "<group>"; };
		28DFA1041FCB8E0600328368 /* ViewController.swift */ = {isa = PBXFileReference; lastKnownFileType = sourcecode.swift; path = ViewController.swift; sourceTree = "<group>"; };
		28DFA1071FCB8E0600328368 /* Base */ = {isa = PBXFileReference; lastKnownFileType = file.storyboard; name = Base; path = Base.lproj/Main.storyboard; sourceTree = "<group>"; };
		28DFA1091FCB8E0600328368 /* Assets.xcassets */ = {isa = PBXFileReference; lastKnownFileType = folder.assetcatalog; path = Assets.xcassets; sourceTree = "<group>"; };
		28DFA10C1FCB8E0600328368 /* Base */ = {isa = PBXFileReference; lastKnownFileType = file.storyboard; name = Base; path = Base.lproj/LaunchScreen.storyboard; sourceTree = "<group>"; };
		28DFA10E1FCB8E0600328368 /* Info.plist */ = {isa = PBXFileReference; lastKnownFileType = text.plist.xml; path = Info.plist; sourceTree = "<group>"; };
		28DFA1171FCB8F0000328368 /* Model.swift */ = {isa = PBXFileReference; lastKnownFileType = sourcecode.swift; path = Model.swift; sourceTree = "<group>"; };
		28DFA1191FCB8F1000328368 /* Data.swift */ = {isa = PBXFileReference; lastKnownFileType = sourcecode.swift; path = Data.swift; sourceTree = "<group>"; };
		28DFA11B1FCB8F2C00328368 /* TableViewCell.swift */ = {isa = PBXFileReference; lastKnownFileType = sourcecode.swift; path = TableViewCell.swift; sourceTree = "<group>"; };
		28DFA11E1FCBB4F000328368 /* DesignableX */ = {isa = PBXFileReference; lastKnownFileType = folder; path = DesignableX; sourceTree = "<group>"; };
		28DFA1201FCBBF9B00328368 /* FloatActionButton.swift */ = {isa = PBXFileReference; lastKnownFileType = sourcecode.swift; path = FloatActionButton.swift; sourceTree = "<group>"; };
/* End PBXFileReference section */

/* Begin PBXFrameworksBuildPhase section */
		28DFA0FC1FCB8E0600328368 /* Frameworks */ = {
			isa = PBXFrameworksBuildPhase;
			buildActionMask = 2147483647;
			files = (
			);
			runOnlyForDeploymentPostprocessing = 0;
		};
/* End PBXFrameworksBuildPhase section */

/* Begin PBXGroup section */
		287802031FCD0F44001B222F /* fonts */ = {
			isa = PBXGroup;
			children = (
				287802041FCD0F5E001B222F /* Champagne & Limousines.ttf */,
			);
			path = fonts;
			sourceTree = "<group>";
		};
		28DFA0F61FCB8E0600328368 = {
			isa = PBXGroup;
			children = (
				28DFA1011FCB8E0600328368 /* Prototype IOS */,
				28DFA11D1FCBB4CE00328368 /* Resources */,
				28DFA1141FCB8E3900328368 /* Model */,
				28DFA1151FCB8E5900328368 /* View */,
				28DFA1161FCB8E6500328368 /* Controller */,
				28DFA1001FCB8E0600328368 /* Products */,
			);
			sourceTree = "<group>";
		};
		28DFA1001FCB8E0600328368 /* Products */ = {
			isa = PBXGroup;
			children = (
				28DFA0FF1FCB8E0600328368 /* Prototype IOS.app */,
			);
			name = Products;
			sourceTree = "<group>";
		};
		28DFA1011FCB8E0600328368 /* Prototype IOS */ = {
			isa = PBXGroup;
			children = (
				28DFA1091FCB8E0600328368 /* Assets.xcassets */,
				28DFA10E1FCB8E0600328368 /* Info.plist */,
			);
			path = "Prototype IOS";
			sourceTree = "<group>";
		};
		28DFA1141FCB8E3900328368 /* Model */ = {
			isa = PBXGroup;
			children = (
				28DFA1171FCB8F0000328368 /* Model.swift */,
				28DFA1191FCB8F1000328368 /* Data.swift */,
			);
			path = Model;
			sourceTree = "<group>";
		};
		28DFA1151FCB8E5900328368 /* View */ = {
			isa = PBXGroup;
			children = (
				28DFA10B1FCB8E0600328368 /* LaunchScreen.storyboard */,
				28DFA1061FCB8E0600328368 /* Main.storyboard */,
				28DFA11B1FCB8F2C00328368 /* TableViewCell.swift */,
			);
			path = View;
			sourceTree = "<group>";
		};
		28DFA1161FCB8E6500328368 /* Controller */ = {
			isa = PBXGroup;
			children = (
				28DFA1021FCB8E0600328368 /* AppDelegate.swift */,
				28DFA1041FCB8E0600328368 /* ViewController.swift */,
			);
			path = Controller;
			sourceTree = "<group>";
		};
		28DFA11D1FCBB4CE00328368 /* Resources */ = {
			isa = PBXGroup;
			children = (
				287802031FCD0F44001B222F /* fonts */,
				28DFA1201FCBBF9B00328368 /* FloatActionButton.swift */,
				287801FF1FCCFFB0001B222F /* UIViewX.swift */,
				287802011FCCFFB5001B222F /* UIButtonX.swift */,
				28DFA11E1FCBB4F000328368 /* DesignableX */,
			);
			path = Resources;
			sourceTree = "<group>";
		};
/* End PBXGroup section */

/* Begin PBXNativeTarget section */
		28DFA0FE1FCB8E0600328368 /* Prototype IOS */ = {
			isa = PBXNativeTarget;
			buildConfigurationList = 28DFA1111FCB8E0600328368 /* Build configuration list for PBXNativeTarget "Prototype IOS" */;
			buildPhases = (
				28DFA0FB1FCB8E0600328368 /* Sources */,
				28DFA0FC1FCB8E0600328368 /* Frameworks */,
				28DFA0FD1FCB8E0600328368 /* Resources */,
			);
			buildRules = (
			);
			dependencies = (
			);
			name = "Prototype IOS";
			productName = "Prototype IOS";
			productReference = 28DFA0FF1FCB8E0600328368 /* Prototype IOS.app */;
			productType = "com.apple.product-type.application";
		};
/* End PBXNativeTarget section */

/* Begin PBXProject section */
		28DFA0F71FCB8E0600328368 /* Project object */ = {
			isa = PBXProject;
			attributes = {
				LastSwiftUpdateCheck = 0910;
				LastUpgradeCheck = 0910;
				ORGANIZATIONNAME = "Raphael Menezes";
				TargetAttributes = {
					28DFA0FE1FCB8E0600328368 = {
						CreatedOnToolsVersion = 9.1;
						ProvisioningStyle = Automatic;
					};
				};
			};
			buildConfigurationList = 28DFA0FA1FCB8E0600328368 /* Build configuration list for PBXProject "Prototype IOS" */;
			compatibilityVersion = "Xcode 8.0";
			developmentRegion = en;
			hasScannedForEncodings = 0;
			knownRegions = (
				en,
				Base,
			);
			mainGroup = 28DFA0F61FCB8E0600328368;
			productRefGroup = 28DFA1001FCB8E0600328368 /* Products */;
			projectDirPath = "";
			projectRoot = "";
			targets = (
				28DFA0FE1FCB8E0600328368 /* Prototype IOS */,
			);
		};
/* End PBXProject section */

/* Begin PBXResourcesBuildPhase section */
		28DFA0FD1FCB8E0600328368 /* Resources */ = {
			isa = PBXResourcesBuildPhase;
			buildActionMask = 2147483647;
			files = (
				28DFA10D1FCB8E0600328368 /* LaunchScreen.storyboard in Resources */,
				287802051FCD0F5E001B222F /* Champagne & Limousines.ttf in Resources */,
				28DFA11F1FCBB4F000328368 /* DesignableX in Resources */,
				28DFA10A1FCB8E0600328368 /* Assets.xcassets in Resources */,
				28DFA1081FCB8E0600328368 /* Main.storyboard in Resources */,
			);
			runOnlyForDeploymentPostprocessing = 0;
		};
/* End PBXResourcesBuildPhase section */

/* Begin PBXSourcesBuildPhase section */
		28DFA0FB1FCB8E0600328368 /* Sources */ = {
			isa = PBXSourcesBuildPhase;
			buildActionMask = 2147483647;
			files = (
				28DFA1211FCBBF9B00328368 /* FloatActionButton.swift in Sources */,
				28DFA11C1FCB8F2C00328368 /* TableViewCell.swift in Sources */,
				28DFA1181FCB8F0000328368 /* Model.swift in Sources */,
				28DFA1051FCB8E0600328368 /* ViewController.swift in Sources */,
				287802021FCCFFB5001B222F /* UIButtonX.swift in Sources */,
				28DFA1031FCB8E0600328368 /* AppDelegate.swift in Sources */,
				287802001FCCFFB0001B222F /* UIViewX.swift in Sources */,
				28DFA11A1FCB8F1000328368 /* Data.swift in Sources */,
			);
			runOnlyForDeploymentPostprocessing = 0;
		};
/* End PBXSourcesBuildPhase section */

/* Begin PBXVariantGroup section */
		28DFA1061FCB8E0600328368 /* Main.storyboard */ = {
			isa = PBXVariantGroup;
			children = (
				28DFA1071FCB8E0600328368 /* Base */,
			);
			name = Main.storyboard;
			sourceTree = "<group>";
		};
		28DFA10B1FCB8E0600328368 /* LaunchScreen.storyboard */ = {
			isa = PBXVariantGroup;
			children = (
				28DFA10C1FCB8E0600328368 /* Base */,
			);
			name = LaunchScreen.storyboard;
			sourceTree = "<group>";
		};
/* End PBXVariantGroup section */

/* Begin XCBuildConfiguration section */
		28DFA10F1FCB8E0600328368 /* Debug */ = {
			isa = XCBuildConfiguration;
			buildSettings = {
				ALWAYS_SEARCH_USER_PATHS = NO;
				CLANG_ANALYZER_NONNULL = YES;
				CLANG_ANALYZER_NUMBER_OBJECT_CONVERSION = YES_AGGRESSIVE;
				CLANG_CXX_LANGUAGE_STANDARD = "gnu++14";
				CLANG_CXX_LIBRARY = "libc++";
				CLANG_ENABLE_MODULES = YES;
				CLANG_ENABLE_OBJC_ARC = YES;
				CLANG_WARN_BLOCK_CAPTURE_AUTORELEASING = YES;
				CLANG_WARN_BOOL_CONVERSION = YES;
				CLANG_WARN_COMMA = YES;
				CLANG_WARN_CONSTANT_CONVERSION = YES;
				CLANG_WARN_DIRECT_OBJC_ISA_USAGE = YES_ERROR;
				CLANG_WARN_DOCUMENTATION_COMMENTS = YES;
				CLANG_WARN_EMPTY_BODY = YES;
				CLANG_WARN_ENUM_CONVERSION = YES;
				CLANG_WARN_INFINITE_RECURSION = YES;
				CLANG_WARN_INT_CONVERSION = YES;
				CLANG_WARN_NON_LITERAL_NULL_CONVERSION = YES;
				CLANG_WARN_OBJC_LITERAL_CONVERSION = YES;
				CLANG_WARN_OBJC_ROOT_CLASS = YES_ERROR;
				CLANG_WARN_RANGE_LOOP_ANALYSIS = YES;
				CLANG_WARN_STRICT_PROTOTYPES = YES;
				CLANG_WARN_SUSPICIOUS_MOVE = YES;
				CLANG_WARN_UNGUARDED_AVAILABILITY = YES_AGGRESSIVE;
				CLANG_WARN_UNREACHABLE_CODE = YES;
				CLANG_WARN__DUPLICATE_METHOD_MATCH = YES;
				CODE_SIGN_IDENTITY = "iPhone Developer";
				COPY_PHASE_STRIP = NO;
				DEBUG_INFORMATION_FORMAT = dwarf;
				ENABLE_STRICT_OBJC_MSGSEND = YES;
				ENABLE_TESTABILITY = YES;
				GCC_C_LANGUAGE_STANDARD = gnu11;
				GCC_DYNAMIC_NO_PIC = NO;
				GCC_NO_COMMON_BLOCKS = YES;
				GCC_OPTIMIZATION_LEVEL = 0;
				GCC_PREPROCESSOR_DEFINITIONS = (
					"DEBUG=1",
					"$(inherited)",
				);
				GCC_WARN_64_TO_32_BIT_CONVERSION = YES;
				GCC_WARN_ABOUT_RETURN_TYPE = YES_ERROR;
				GCC_WARN_UNDECLARED_SELECTOR = YES;
				GCC_WARN_UNINITIALIZED_AUTOS = YES_AGGRESSIVE;
				GCC_WARN_UNUSED_FUNCTION = YES;
				GCC_WARN_UNUSED_VARIABLE = YES;
				IPHONEOS_DEPLOYMENT_TARGET = 11.1;
				MTL_ENABLE_DEBUG_INFO = YES;
				ONLY_ACTIVE_ARCH = YES;
				SDKROOT = iphoneos;
				SWIFT_ACTIVE_COMPILATION_CONDITIONS = DEBUG;
				SWIFT_OPTIMIZATION_LEVEL = "-Onone";
			};
			name = Debug;
		};
		28DFA1101FCB8E0600328368 /* Release */ = {
			isa = XCBuildConfiguration;
			buildSettings = {
				ALWAYS_SEARCH_USER_PATHS = NO;
				CLANG_ANALYZER_NONNULL = YES;
				CLANG_ANALYZER_NUMBER_OBJECT_CONVERSION = YES_AGGRESSIVE;
				CLANG_CXX_LANGUAGE_STANDARD = "gnu++14";
				CLANG_CXX_LIBRARY = "libc++";
				CLANG_ENABLE_MODULES = YES;
				CLANG_ENABLE_OBJC_ARC = YES;
				CLANG_WARN_BLOCK_CAPTURE_AUTORELEASING = YES;
				CLANG_WARN_BOOL_CONVERSION = YES;
				CLANG_WARN_COMMA = YES;
				CLANG_WARN_CONSTANT_CONVERSION = YES;
				CLANG_WARN_DIRECT_OBJC_ISA_USAGE = YES_ERROR;
				CLANG_WARN_DOCUMENTATION_COMMENTS = YES;
				CLANG_WARN_EMPTY_BODY = YES;
				CLANG_WARN_ENUM_CONVERSION = YES;
				CLANG_WARN_INFINITE_RECURSION = YES;
				CLANG_WARN_INT_CONVERSION = YES;
				CLANG_WARN_NON_LITERAL_NULL_CONVERSION = YES;
				CLANG_WARN_OBJC_LITERAL_CONVERSION = YES;
				CLANG_WARN_OBJC_ROOT_CLASS = YES_ERROR;
				CLANG_WARN_RANGE_LOOP_ANALYSIS = YES;
				CLANG_WARN_STRICT_PROTOTYPES = YES;
				CLANG_WARN_SUSPICIOUS_MOVE = YES;
				CLANG_WARN_UNGUARDED_AVAILABILITY = YES_AGGRESSIVE;
				CLANG_WARN_UNREACHABLE_CODE = YES;
				CLANG_WARN__DUPLICATE_METHOD_MATCH = YES;
				CODE_SIGN_IDENTITY = "iPhone Developer";
				COPY_PHASE_STRIP = NO;
				DEBUG_INFORMATION_FORMAT = "dwarf-with-dsym";
				ENABLE_NS_ASSERTIONS = NO;
				ENABLE_STRICT_OBJC_MSGSEND = YES;
				GCC_C_LANGUAGE_STANDARD = gnu11;
				GCC_NO_COMMON_BLOCKS = YES;
				GCC_WARN_64_TO_32_BIT_CONVERSION = YES;
				GCC_WARN_ABOUT_RETURN_TYPE = YES_ERROR;
				GCC_WARN_UNDECLARED_SELECTOR = YES;
				GCC_WARN_UNINITIALIZED_AUTOS = YES_AGGRESSIVE;
				GCC_WARN_UNUSED_FUNCTION = YES;
				GCC_WARN_UNUSED_VARIABLE = YES;
				IPHONEOS_DEPLOYMENT_TARGET = 11.1;
				MTL_ENABLE_DEBUG_INFO = NO;
				SDKROOT = iphoneos;
				SWIFT_OPTIMIZATION_LEVEL = "-Owholemodule";
				VALIDATE_PRODUCT = YES;
			};
			name = Release;
		};
		28DFA1121FCB8E0600328368 /* Debug */ = {
			isa = XCBuildConfiguration;
			buildSettings = {
				ASSETCATALOG_COMPILER_APPICON_NAME = AppIcon;
				CODE_SIGN_STYLE = Automatic;
				INFOPLIST_FILE = "Prototype IOS/Info.plist";
				LD_RUNPATH_SEARCH_PATHS = "$(inherited) @executable_path/Frameworks";
				PRODUCT_BUNDLE_IDENTIFIER = "com.rmi.Prototype-IOS";
				PRODUCT_NAME = "$(TARGET_NAME)";
				SWIFT_VERSION = 4.0;
				TARGETED_DEVICE_FAMILY = "1,2";
			};
			name = Debug;
		};
		28DFA1131FCB8E0600328368 /* Release */ = {
			isa = XCBuildConfiguration;
			buildSettings = {
				ASSETCATALOG_COMPILER_APPICON_NAME = AppIcon;
				CODE_SIGN_STYLE = Automatic;
				INFOPLIST_FILE = "Prototype IOS/Info.plist";
				LD_RUNPATH_SEARCH_PATHS = "$(inherited) @executable_path/Frameworks";
				PRODUCT_BUNDLE_IDENTIFIER = "com.rmi.Prototype-IOS";
				PRODUCT_NAME = "$(TARGET_NAME)";
				SWIFT_VERSION = 4.0;
				TARGETED_DEVICE_FAMILY = "1,2";
			};
			name = Release;
		};
/* End XCBuildConfiguration section */

/* Begin XCConfigurationList section */
		28DFA0FA1FCB8E0600328368 /* Build configuration list for PBXProject "Prototype IOS" */ = {
			isa = XCConfigurationList;
			buildConfigurations = (
				28DFA10F1FCB8E0600328368 /* Debug */,
				28DFA1101FCB8E0600328368 /* Release */,
			);
			defaultConfigurationIsVisible = 0;
			defaultConfigurationName = Release;
		};
		28DFA1111FCB8E0600328368 /* Build configuration list for PBXNativeTarget "Prototype IOS" */ = {
			isa = XCConfigurationList;
			buildConfigurations = (
				28DFA1121FCB8E0600328368 /* Debug */,
				28DFA1131FCB8E0600328368 /* Release */,
			);
			defaultConfigurationIsVisible = 0;
			defaultConfigurationName = Release;
		};
/* End XCConfigurationList section */
	};
	rootObject = 28DFA0F71FCB8E0600328368 /* Project object */;
}
